// !$*UTF8*$!
{
	archiveVersion = 1;
	classes = {
	};
	objectVersion = 46;
	objects = {

/* Begin PBXBuildFile section */
		D278743B1B6606C800FBC50B /* main.m in Sources */ = {isa = PBXBuildFile; fileRef = D278743A1B6606C800FBC50B /* main.m */; };
		D278743E1B6606C800FBC50B /* AppDelegate.m in Sources */ = {isa = PBXBuildFile; fileRef = D278743D1B6606C800FBC50B /* AppDelegate.m */; };
		D27874411B6606C800FBC50B /* ViewController.m in Sources */ = {isa = PBXBuildFile; fileRef = D27874401B6606C800FBC50B /* ViewController.m */; };
		D27874441B6606C800FBC50B /* Main.storyboard in Resources */ = {isa = PBXBuildFile; fileRef = D27874421B6606C800FBC50B /* Main.storyboard */; };
		D27874461B6606C800FBC50B /* Assets.xcassets in Resources */ = {isa = PBXBuildFile; fileRef = D27874451B6606C800FBC50B /* Assets.xcassets */; };
		D27874491B6606C800FBC50B /* LaunchScreen.storyboard in Resources */ = {isa = PBXBuildFile; fileRef = D27874471B6606C800FBC50B /* LaunchScreen.storyboard */; };
		D27874541B6606C800FBC50B /* CALayer____Tests.m in Sources */ = {isa = PBXBuildFile; fileRef = D27874531B6606C800FBC50B /* CALayer____Tests.m */; };
		D278745F1B6606C800FBC50B /* CALayer____UITests.m in Sources */ = {isa = PBXBuildFile; fileRef = D278745E1B6606C800FBC50B /* CALayer____UITests.m */; };
/* End PBXBuildFile section */

/* Begin PBXContainerItemProxy section */
		D27874501B6606C800FBC50B /* PBXContainerItemProxy */ = {
			isa = PBXContainerItemProxy;
			containerPortal = D278742E1B6606C800FBC50B /* Project object */;
			proxyType = 1;
			remoteGlobalIDString = D27874351B6606C800FBC50B;
			remoteInfo = "CALayer新建图层";
		};
		D278745B1B6606C800FBC50B /* PBXContainerItemProxy */ = {
			isa = PBXContainerItemProxy;
			containerPortal = D278742E1B6606C800FBC50B /* Project object */;
			proxyType = 1;
			remoteGlobalIDString = D27874351B6606C800FBC50B;
			remoteInfo = "CALayer新建图层";
		};
/* End PBXContainerItemProxy section */

/* Begin PBXFileReference section */
		D27874361B6606C800FBC50B /* CALayer新建图层.app */ = {isa = PBXFileReference; explicitFileType = wrapper.application; includeInIndex = 0; path = "CALayer新建图层.app"; sourceTree = BUILT_PRODUCTS_DIR; };
		D278743A1B6606C800FBC50B /* main.m */ = {isa = PBXFileReference; lastKnownFileType = sourcecode.c.objc; path = main.m; sourceTree = "<group>"; };
		D278743C1B6606C800FBC50B /* AppDelegate.h */ = {isa = PBXFileReference; lastKnownFileType = sourcecode.c.h; path = AppDelegate.h; sourceTree = "<group>"; };
		D278743D1B6606C800FBC50B /* AppDelegate.m */ = {isa = PBXFileReference; lastKnownFileType = sourcecode.c.objc; path = AppDelegate.m; sourceTree = "<group>"; };
		D278743F1B6606C800FBC50B /* ViewController.h */ = {isa = PBXFileReference; lastKnownFileType = sourcecode.c.h; path = ViewController.h; sourceTree = "<group>"; };
		D27874401B6606C800FBC50B /* ViewController.m */ = {isa = PBXFileReference; lastKnownFileType = sourcecode.c.objc; path = ViewController.m; sourceTree = "<group>"; };
		D27874431B6606C800FBC50B /* Base */ = {isa = PBXFileReference; lastKnownFileType = file.storyboard; name = Base; path = Base.lproj/Main.storyboard; sourceTree = "<group>"; };
		D27874451B6606C800FBC50B /* Assets.xcassets */ = {isa = PBXFileReference; lastKnownFileType = folder.assetcatalog; path = Assets.xcassets; sourceTree = "<group>"; };
		D27874481B6606C800FBC50B /* Base */ = {isa = PBXFileReference; lastKnownFileType = file.storyboard; name = Base; path = Base.lproj/LaunchScreen.storyboard; sourceTree = "<group>"; };
		D278744A1B6606C800FBC50B /* Info.plist */ = {isa = PBXFileReference; lastKnownFileType = text.plist.xml; path = Info.plist; sourceTree = "<group>"; };
		D278744F1B6606C800FBC50B /* CALayer新建图层Tests.xctest */ = {isa = PBXFileReference; explicitFileType = wrapper.cfbundle; includeInIndex = 0; path = "CALayer新建图层Tests.xctest"; sourceTree = BUILT_PRODUCTS_DIR; };
		D27874531B6606C800FBC50B /* CALayer____Tests.m */ = {isa = PBXFileReference; lastKnownFileType = sourcecode.c.objc; path = "CALayer____Tests.m"; sourceTree = "<group>"; };
		D27874551B6606C800FBC50B /* Info.plist */ = {isa = PBXFileReference; lastKnownFileType = text.plist.xml; path = Info.plist; sourceTree = "<group>"; };
		D278745A1B6606C800FBC50B /* CALayer新建图层UITests.xctest */ = {isa = PBXFileReference; explicitFileType = wrapper.cfbundle; includeInIndex = 0; path = "CALayer新建图层UITests.xctest"; sourceTree = BUILT_PRODUCTS_DIR; };
		D278745E1B6606C800FBC50B /* CALayer____UITests.m */ = {isa = PBXFileReference; lastKnownFileType = sourcecode.c.objc; path = "CALayer____UITests.m"; sourceTree = "<group>"; };
		D27874601B6606C800FBC50B /* Info.plist */ = {isa = PBXFileReference; lastKnownFileType = text.plist.xml; path = Info.plist; sourceTree = "<group>"; };
/* End PBXFileReference section */

/* Begin PBXFrameworksBuildPhase section */
		D27874331B6606C800FBC50B /* Frameworks */ = {
			isa = PBXFrameworksBuildPhase;
			buildActionMask = 2147483647;
			files = (
			);
			runOnlyForDeploymentPostprocessing = 0;
		};
		D278744C1B6606C800FBC50B /* Frameworks */ = {
			isa = PBXFrameworksBuildPhase;
			buildActionMask = 2147483647;
			files = (
			);
			runOnlyForDeploymentPostprocessing = 0;
		};
		D27874571B6606C800FBC50B /* Frameworks */ = {
			isa = PBXFrameworksBuildPhase;
			buildActionMask = 2147483647;
			files = (
			);
			runOnlyForDeploymentPostprocessing = 0;
		};
/* End PBXFrameworksBuildPhase section */

/* Begin PBXGroup section */
		D278742D1B6606C800FBC50B = {
			isa = PBXGroup;
			children = (
				D27874381B6606C800FBC50B /* CALayer新建图层 */,
				D27874521B6606C800FBC50B /* CALayer新建图层Tests */,
				D278745D1B6606C800FBC50B /* CALayer新建图层UITests */,
				D27874371B6606C800FBC50B /* Products */,
			);
			sourceTree = "<group>";
		};
		D27874371B6606C800FBC50B /* Products */ = {
			isa = PBXGroup;
			children = (
				D27874361B6606C800FBC50B /* CALayer新建图层.app */,
				D278744F1B6606C800FBC50B /* CALayer新建图层Tests.xctest */,
				D278745A1B6606C800FBC50B /* CALayer新建图层UITests.xctest */,
			);
			name = Products;
			sourceTree = "<group>";
		};
		D27874381B6606C800FBC50B /* CALayer新建图层 */ = {
			isa = PBXGroup;
			children = (
				D278743C1B6606C800FBC50B /* AppDelegate.h */,
				D278743D1B6606C800FBC50B /* AppDelegate.m */,
				D278743F1B6606C800FBC50B /* ViewController.h */,
				D27874401B6606C800FBC50B /* ViewController.m */,
				D27874421B6606C800FBC50B /* Main.storyboard */,
				D27874451B6606C800FBC50B /* Assets.xcassets */,
				D27874471B6606C800FBC50B /* LaunchScreen.storyboard */,
				D278744A1B6606C800FBC50B /* Info.plist */,
				D27874391B6606C800FBC50B /* Supporting Files */,
			);
			path = "CALayer新建图层";
			sourceTree = "<group>";
		};
		D27874391B6606C800FBC50B /* Supporting Files */ = {
			isa = PBXGroup;
			children = (
				D278743A1B6606C800FBC50B /* main.m */,
			);
			name = "Supporting Files";
			sourceTree = "<group>";
		};
		D27874521B6606C800FBC50B /* CALayer新建图层Tests */ = {
			isa = PBXGroup;
			children = (
				D27874531B6606C800FBC50B /* CALayer____Tests.m */,
				D27874551B6606C800FBC50B /* Info.plist */,
			);
			path = "CALayer新建图层Tests";
			sourceTree = "<group>";
		};
		D278745D1B6606C800FBC50B /* CALayer新建图层UITests */ = {
			isa = PBXGroup;
			children = (
				D278745E1B6606C800FBC50B /* CALayer____UITests.m */,
				D27874601B6606C800FBC50B /* Info.plist */,
			);
			path = "CALayer新建图层UITests";
			sourceTree = "<group>";
		};
/* End PBXGroup section */

/* Begin PBXNativeTarget section */
		D27874351B6606C800FBC50B /* CALayer新建图层 */ = {
			isa = PBXNativeTarget;
			buildConfigurationList = D27874631B6606C800FBC50B /* Build configuration list for PBXNativeTarget "CALayer新建图层" */;
			buildPhases = (
				D27874321B6606C800FBC50B /* Sources */,
				D27874331B6606C800FBC50B /* Frameworks */,
				D27874341B6606C800FBC50B /* Resources */,
			);
			buildRules = (
			);
			dependencies = (
			);
			name = "CALayer新建图层";
			productName = "CALayer新建图层";
			productReference = D27874361B6606C800FBC50B /* CALayer新建图层.app */;
			productType = "com.apple.product-type.application";
		};
		D278744E1B6606C800FBC50B /* CALayer新建图层Tests */ = {
			isa = PBXNativeTarget;
			buildConfigurationList = D27874661B6606C800FBC50B /* Build configuration list for PBXNativeTarget "CALayer新建图层Tests" */;
			buildPhases = (
				D278744B1B6606C800FBC50B /* Sources */,
				D278744C1B6606C800FBC50B /* Frameworks */,
				D278744D1B6606C800FBC50B /* Resources */,
			);
			buildRules = (
			);
			dependencies = (
				D27874511B6606C800FBC50B /* PBXTargetDependency */,
			);
			name = "CALayer新建图层Tests";
			productName = "CALayer新建图层Tests";
			productReference = D278744F1B6606C800FBC50B /* CALayer新建图层Tests.xctest */;
			productType = "com.apple.product-type.bundle.unit-test";
		};
		D27874591B6606C800FBC50B /* CALayer新建图层UITests */ = {
			isa = PBXNativeTarget;
			buildConfigurationList = D27874691B6606C800FBC50B /* Build configuration list for PBXNativeTarget "CALayer新建图层UITests" */;
			buildPhases = (
				D27874561B6606C800FBC50B /* Sources */,
				D27874571B6606C800FBC50B /* Frameworks */,
				D27874581B6606C800FBC50B /* Resources */,
			);
			buildRules = (
			);
			dependencies = (
				D278745C1B6606C800FBC50B /* PBXTargetDependency */,
			);
			name = "CALayer新建图层UITests";
			productName = "CALayer新建图层UITests";
			productReference = D278745A1B6606C800FBC50B /* CALayer新建图层UITests.xctest */;
			productType = "com.apple.product-type.bundle.ui-testing";
		};
/* End PBXNativeTarget section */

/* Begin PBXProject section */
		D278742E1B6606C800FBC50B /* Project object */ = {
			isa = PBXProject;
			attributes = {
				LastUpgradeCheck = 0700;
				ORGANIZATIONNAME = Gavin;
				TargetAttributes = {
					D27874351B6606C800FBC50B = {
						CreatedOnToolsVersion = 7.0;
					};
					D278744E1B6606C800FBC50B = {
						CreatedOnToolsVersion = 7.0;
						TestTargetID = D27874351B6606C800FBC50B;
					};
					D27874591B6606C800FBC50B = {
						CreatedOnToolsVersion = 7.0;
						TestTargetID = D27874351B6606C800FBC50B;
					};
				};
			};
			buildConfigurationList = D27874311B6606C800FBC50B /* Build configuration list for PBXProject "CALayer新建图层" */;
			compatibilityVersion = "Xcode 3.2";
			developmentRegion = English;
			hasScannedForEncodings = 0;
			knownRegions = (
				en,
				Base,
			);
			mainGroup = D278742D1B6606C800FBC50B;
			productRefGroup = D27874371B6606C800FBC50B /* Products */;
			projectDirPath = "";
			projectRoot = "";
			targets = (
				D27874351B6606C800FBC50B /* CALayer新建图层 */,
				D278744E1B6606C800FBC50B /* CALayer新建图层Tests */,
				D27874591B6606C800FBC50B /* CALayer新建图层UITests */,
			);
		};
/* End PBXProject section */

/* Begin PBXResourcesBuildPhase section */
		D27874341B6606C800FBC50B /* Resources */ = {
			isa = PBXResourcesBuildPhase;
			buildActionMask = 2147483647;
			files = (
				D27874491B6606C800FBC50B /* LaunchScreen.storyboard in Resources */,
				D27874461B6606C800FBC50B /* Assets.xcassets in Resources */,
				D27874441B6606C800FBC50B /* Main.storyboard in Resources */,
			);
			runOnlyForDeploymentPostprocessing = 0;
		};
		D278744D1B6606C800FBC50B /* Resources */ = {
			isa = PBXResourcesBuildPhase;
			buildActionMask = 2147483647;
			files = (
			);
			runOnlyForDeploymentPostprocessing = 0;
		};
		D27874581B6606C800FBC50B /* Resources */ = {
			isa = PBXResourcesBuildPhase;
			buildActionMask = 2147483647;
			files = (
			);
			runOnlyForDeploymentPostprocessing = 0;
		};
/* End PBXResourcesBuildPhase section */

/* Begin PBXSourcesBuildPhase section */
		D27874321B6606C800FBC50B /* Sources */ = {
			isa = PBXSourcesBuildPhase;
			buildActionMask = 2147483647;
			files = (
				D27874411B6606C800FBC50B /* ViewController.m in Sources */,
				D278743E1B6606C800FBC50B /* AppDelegate.m in Sources */,
				D278743B1B6606C800FBC50B /* main.m in Sources */,
			);
			runOnlyForDeploymentPostprocessing = 0;
		};
		D278744B1B6606C800FBC50B /* Sources */ = {
			isa = PBXSourcesBuildPhase;
			buildActionMask = 2147483647;
			files = (
				D27874541B6606C800FBC50B /* CALayer____Tests.m in Sources */,
			);
			runOnlyForDeploymentPostprocessing = 0;
		};
		D27874561B6606C800FBC50B /* Sources */ = {
			isa = PBXSourcesBuildPhase;
			buildActionMask = 2147483647;
			files = (
				D278745F1B6606C800FBC50B /* CALayer____UITests.m in Sources */,
			);
			runOnlyForDeploymentPostprocessing = 0;
		};
/* End PBXSourcesBuildPhase section */

/* Begin PBXTargetDependency section */
		D27874511B6606C800FBC50B /* PBXTargetDependency */ = {
			isa = PBXTargetDependency;
			target = D27874351B6606C800FBC50B /* CALayer新建图层 */;
			targetProxy = D27874501B6606C800FBC50B /* PBXContainerItemProxy */;
		};
		D278745C1B6606C800FBC50B /* PBXTargetDependency */ = {
			isa = PBXTargetDependency;
			target = D27874351B6606C800FBC50B /* CALayer新建图层 */;
			targetProxy = D278745B1B6606C800FBC50B /* PBXContainerItemProxy */;
		};
/* End PBXTargetDependency section */

/* Begin PBXVariantGroup section */
		D27874421B6606C800FBC50B /* Main.storyboard */ = {
			isa = PBXVariantGroup;
			children = (
				D27874431B6606C800FBC50B /* Base */,
			);
			name = Main.storyboard;
			sourceTree = "<group>";
		};
		D27874471B6606C800FBC50B /* LaunchScreen.storyboard */ = {
			isa = PBXVariantGroup;
			children = (
				D27874481B6606C800FBC50B /* Base */,
			);
			name = LaunchScreen.storyboard;
			sourceTree = "<group>";
		};
/* End PBXVariantGroup section */

/* Begin XCBuildConfiguration section */
		D27874611B6606C800FBC50B /* Debug */ = {
			isa = XCBuildConfiguration;
			buildSettings = {
				ALWAYS_SEARCH_USER_PATHS = NO;
				CLANG_CXX_LANGUAGE_STANDARD = "gnu++0x";
				CLANG_CXX_LIBRARY = "libc++";
				CLANG_ENABLE_MODULES = YES;
				CLANG_ENABLE_OBJC_ARC = YES;
				CLANG_WARN_BOOL_CONVERSION = YES;
				CLANG_WARN_CONSTANT_CONVERSION = YES;
				CLANG_WARN_DIRECT_OBJC_ISA_USAGE = YES_ERROR;
				CLANG_WARN_EMPTY_BODY = YES;
				CLANG_WARN_ENUM_CONVERSION = YES;
				CLANG_WARN_INT_CONVERSION = YES;
				CLANG_WARN_OBJC_ROOT_CLASS = YES_ERROR;
				CLANG_WARN_UNREACHABLE_CODE = YES;
				CLANG_WARN__DUPLICATE_METHOD_MATCH = YES;
				"CODE_SIGN_IDENTITY[sdk=iphoneos*]" = "iPhone Developer";
				COPY_PHASE_STRIP = NO;
				DEBUG_INFORMATION_FORMAT = dwarf;
				ENABLE_STRICT_OBJC_MSGSEND = YES;
				ENABLE_TESTABILITY = YES;
				GCC_C_LANGUAGE_STANDARD = gnu99;
				GCC_DYNAMIC_NO_PIC = NO;
				GCC_NO_COMMON_BLOCKS = YES;
				GCC_OPTIMIZATION_LEVEL = 0;
				GCC_PREPROCESSOR_DEFINITIONS = (
					"DEBUG=1",
					"$(inherited)",
				);
				GCC_WARN_64_TO_32_BIT_CONVERSION = YES;
				GCC_WARN_ABOUT_RETURN_TYPE = YES_ERROR;
				GCC_WARN_UNDECLARED_SELECTOR = YES;
				GCC_WARN_UNINITIALIZED_AUTOS = YES_AGGRESSIVE;
				GCC_WARN_UNUSED_FUNCTION = YES;
				GCC_WARN_UNUSED_VARIABLE = YES;
				IPHONEOS_DEPLOYMENT_TARGET = 9.0;
				MTL_ENABLE_DEBUG_INFO = YES;
				ONLY_ACTIVE_ARCH = YES;
				SDKROOT = iphoneos;
				TARGETED_DEVICE_FAMILY = "1,2";
			};
			name = Debug;
		};
		D27874621B6606C800FBC50B /* Release */ = {
			isa = XCBuildConfiguration;
			buildSettings = {
				ALWAYS_SEARCH_USER_PATHS = NO;
				CLANG_CXX_LANGUAGE_STANDARD = "gnu++0x";
				CLANG_CXX_LIBRARY = "libc++";
				CLANG_ENABLE_MODULES = YES;
				CLANG_ENABLE_OBJC_ARC = YES;
				CLANG_WARN_BOOL_CONVERSION = YES;
				CLANG_WARN_CONSTANT_CONVERSION = YES;
				CLANG_WARN_DIRECT_OBJC_ISA_USAGE = YES_ERROR;
				CLANG_WARN_EMPTY_BODY = YES;
				CLANG_WARN_ENUM_CONVERSION = YES;
				CLANG_WARN_INT_CONVERSION = YES;
				CLANG_WARN_OBJC_ROOT_CLASS = YES_ERROR;
				CLANG_WARN_UNREACHABLE_CODE = YES;
				CLANG_WARN__DUPLICATE_METHOD_MATCH = YES;
				"CODE_SIGN_IDENTITY[sdk=iphoneos*]" = "iPhone Developer";
				COPY_PHASE_STRIP = NO;
				DEBUG_INFORMATION_FORMAT = "dwarf-with-dsym";
				ENABLE_NS_ASSERTIONS = NO;
				ENABLE_STRICT_OBJC_MSGSEND = YES;
				GCC_C_LANGUAGE_STANDARD = gnu99;
				GCC_NO_COMMON_BLOCKS = YES;
				GCC_WARN_64_TO_32_BIT_CONVERSION = YES;
				GCC_WARN_ABOUT_RETURN_TYPE = YES_ERROR;
				GCC_WARN_UNDECLARED_SELECTOR = YES;
				GCC_WARN_UNINITIALIZED_AUTOS = YES_AGGRESSIVE;
				GCC_WARN_UNUSED_FUNCTION = YES;
				GCC_WARN_UNUSED_VARIABLE = YES;
				IPHONEOS_DEPLOYMENT_TARGET = 9.0;
				MTL_ENABLE_DEBUG_INFO = NO;
				SDKROOT = iphoneos;
				TARGETED_DEVICE_FAMILY = "1,2";
				VALIDATE_PRODUCT = YES;
			};
			name = Release;
		};
		D27874641B6606C800FBC50B /* Debug */ = {
			isa = XCBuildConfiguration;
			buildSettings = {
				ASSETCATALOG_COMPILER_APPICON_NAME = AppIcon;
				INFOPLIST_FILE = "CALayer新建图层/Info.plist";
				LD_RUNPATH_SEARCH_PATHS = "$(inherited) @executable_path/Frameworks";
				PRODUCT_BUNDLE_IDENTIFIER = "www.baidu.com.CALayer----";
				PRODUCT_NAME = "$(TARGET_NAME)";
			};
			name = Debug;
		};
		D27874651B6606C800FBC50B /* Release */ = {
			isa = XCBuildConfiguration;
			buildSettings = {
				ASSETCATALOG_COMPILER_APPICON_NAME = AppIcon;
				INFOPLIST_FILE = "CALayer新建图层/Info.plist";
				LD_RUNPATH_SEARCH_PATHS = "$(inherited) @executable_path/Frameworks";
				PRODUCT_BUNDLE_IDENTIFIER = "www.baidu.com.CALayer----";
				PRODUCT_NAME = "$(TARGET_NAME)";
			};
			name = Release;
		};
		D27874671B6606C800FBC50B /* Debug */ = {
			isa = XCBuildConfiguration;
			buildSettings = {
				BUNDLE_LOADER = "$(TEST_HOST)";
				INFOPLIST_FILE = "CALayer新建图层Tests/Info.plist";
				LD_RUNPATH_SEARCH_PATHS = "$(inherited) @executable_path/Frameworks @loader_path/Frameworks";
				PRODUCT_BUNDLE_IDENTIFIER = "www.baidu.com.CALayer----Tests";
				PRODUCT_NAME = "$(TARGET_NAME)";
				TEST_HOST = "$(BUILT_PRODUCTS_DIR)/CALayer新建图层.app/CALayer新建图层";
			};
			name = Debug;
		};
		D27874681B6606C800FBC50B /* Release */ = {
			isa = XCBuildConfiguration;
			buildSettings = {
				BUNDLE_LOADER = "$(TEST_HOST)";
				INFOPLIST_FILE = "CALayer新建图层Tests/Info.plist";
				LD_RUNPATH_SEARCH_PATHS = "$(inherited) @executable_path/Frameworks @loader_path/Frameworks";
				PRODUCT_BUNDLE_IDENTIFIER = "www.baidu.com.CALayer----Tests";
				PRODUCT_NAME = "$(TARGET_NAME)";
				TEST_HOST = "$(BUILT_PRODUCTS_DIR)/CALayer新建图层.app/CALayer新建图层";
			};
			name = Release;
		};
		D278746A1B6606C800FBC50B /* Debug */ = {
			isa = XCBuildConfiguration;
			buildSettings = {
				INFOPLIST_FILE = "CALayer新建图层UITests/Info.plist";
				LD_RUNPATH_SEARCH_PATHS = "$(inherited) @executable_path/Frameworks @loader_path/Frameworks";
				PRODUCT_BUNDLE_IDENTIFIER = "www.baidu.com.CALayer----UITests";
				PRODUCT_NAME = "$(TARGET_NAME)";
				TEST_TARGET_NAME = "CALayer新建图层";
				USES_XCTRUNNER = YES;
			};
			name = Debug;
		};
		D278746B1B6606C800FBC50B /* Release */ = {
			isa = XCBuildConfiguration;
			buildSettings = {
				INFOPLIST_FILE = "CALayer新建图层UITests/Info.plist";
				LD_RUNPATH_SEARCH_PATHS = "$(inherited) @executable_path/Frameworks @loader_path/Frameworks";
				PRODUCT_BUNDLE_IDENTIFIER = "www.baidu.com.CALayer----UITests";
				PRODUCT_NAME = "$(TARGET_NAME)";
				TEST_TARGET_NAME = "CALayer新建图层";
				USES_XCTRUNNER = YES;
			};
			name = Release;
		};
/* End XCBuildConfiguration section */

/* Begin XCConfigurationList section */
		D27874311B6606C800FBC50B /* Build configuration list for PBXProject "CALayer新建图层" */ = {
			isa = XCConfigurationList;
			buildConfigurations = (
				D27874611B6606C800FBC50B /* Debug */,
				D27874621B6606C800FBC50B /* Release */,
			);
			defaultConfigurationIsVisible = 0;
			defaultConfigurationName = Release;
		};
		D27874631B6606C800FBC50B /* Build configuration list for PBXNativeTarget "CALayer新建图层" */ = {
			isa = XCConfigurationList;
			buildConfigurations = (
				D27874641B6606C800FBC50B /* Debug */,
				D27874651B6606C800FBC50B /* Release */,
			);
			defaultConfigurationIsVisible = 0;
		};
		D27874661B6606C800FBC50B /* Build configuration list for PBXNativeTarget "CALayer新建图层Tests" */ = {
			isa = XCConfigurationList;
			buildConfigurations = (
				D27874671B6606C800FBC50B /* Debug */,
				D27874681B6606C800FBC50B /* Release */,
			);
			defaultConfigurationIsVisible = 0;
		};
		D27874691B6606C800FBC50B /* Build configuration list for PBXNativeTarget "CALayer新建图层UITests" */ = {
			isa = XCConfigurationList;
			buildConfigurations = (
				D278746A1B6606C800FBC50B /* Debug */,
				D278746B1B6606C800FBC50B /* Release */,
			);
			defaultConfigurationIsVisible = 0;
		};
/* End XCConfigurationList section */
	};
	rootObject = D278742E1B6606C800FBC50B /* Project object */;
}
